
Microsoft Visual Studio Solution File, Format Version 12.00
# Visual Studio Version 16
VisualStudioVersion = 16.0.31005.135
MinimumVisualStudioVersion = 10.0.40219.1
Project("{FAE04EC0-301F-11D3-BF4B-00C04F79EFBC}") = "ORM-Fundamentals-Lab", "ORM-Fundamentals\ORM-Fundamentals-Lab.csproj", "{F466F7EF-F576-4CEE-BE65-848C54BDC42E}"
EndProject
Project("{FAE04EC0-301F-11D3-BF4B-00C04F79EFBC}") = "CodeFirstDemo", "CodeFirstDemo\CodeFirstDemo.csproj", "{0453F258-870B-498D-B6DD-1BB59F458D2F}"
EndProject
Global
	GlobalSection(SolutionConfigurationPlatforms) = preSolution
		Debug|Any CPU = Debug|Any CPU
		Release|Any CPU = Release|Any CPU
	EndGlobalSection
	GlobalSection(ProjectConfigurationPlatforms) = postSolution
		{F466F7EF-F576-4CEE-BE65-848C54BDC42E}.Debug|Any CPU.ActiveCfg = Debug|Any CPU
		{F466F7EF-F576-4CEE-BE65-848C54BDC42E}.Debug|Any CPU.Build.0 = Debug|Any CPU
		{F466F7EF-F576-4CEE-BE65-848C54BDC42E}.Release|Any CPU.ActiveCfg = Release|Any CPU
		{F466F7EF-F576-4CEE-BE65-848C54BDC42E}.Release|Any CPU.Build.0 = Release|Any CPU
		{0453F258-870B-498D-B6DD-1BB59F458D2F}.Debug|Any CPU.ActiveCfg = Debug|Any CPU
		{0453F258-870B-498D-B6DD-1BB59F458D2F}.Debug|Any CPU.Build.0 = Debug|Any CPU
		{0453F258-870B-498D-B6DD-1BB59F458D2F}.Release|Any CPU.ActiveCfg = Release|Any CPU
		{0453F258-870B-498D-B6DD-1BB59F458D2F}.Release|Any CPU.Build.0 = Release|Any CPU
	EndGlobalSection
	GlobalSection(SolutionProperties) = preSolution
		HideSolutionNode = FALSE
	EndGlobalSection
	GlobalSection(ExtensibilityGlobals) = postSolution
		SolutionGuid = {73F9C5BF-BF1E-435F-B40B-6891C4F8A916}
	EndGlobalSection
EndGlobal
